// !$*UTF8*$!
{
	archiveVersion = 1;
	classes = {
	};
	objectVersion = 77;
	objects = {

/* Begin PBXBuildFile section */
		139471052F9548B100DE4019 /* KeychainHelper.swift in Sources */ = {isa = PBXBuildFile; fileRef = 139471042F9548A800DE4019 /* KeychainHelper.swift */; };
		1394710A2F95575800DE4019 /* HealthManager.swift in Sources */ = {isa = PBXBuildFile; fileRef = 139471092F95575500DE4019 /* HealthManager.swift */; };
		1394710C2F95F80700DE4019 /* HealthViewModel.swift in Sources */ = {isa = PBXBuildFile; fileRef = 1394710B2F95F7FD00DE4019 /* HealthViewModel.swift */; };
		139471152F962BAB00DE4019 /* WaterView.swift in Sources */ = {isa = PBXBuildFile; fileRef = 139471142F962BA100DE4019 /* WaterView.swift */; };
		139471172F96486E00DE4019 /* HeartbeatHaptics.swift in Sources */ = {isa = PBXBuildFile; fileRef = 139471162F96485D00DE4019 /* HeartbeatHaptics.swift */; };
		1394711B2F98C4DE00DE4019 /* SplashView.swift in Sources */ = {isa = PBXBuildFile; fileRef = 1394711A2F98C4D800DE4019 /* SplashView.swift */; };
		1394711E2F9A180100DE4019 /* ProfileOnboardingView.swift in Sources */ = {isa = PBXBuildFile; fileRef = 1394711D2F9A17FB00DE4019 /* ProfileOnboardingView.swift */; };
		139471202F9A1EBA00DE4019 /* UserProfileStore.swift in Sources */ = {isa = PBXBuildFile; fileRef = 1394711F2F9A1EB800DE4019 /* UserProfileStore.swift */; };
		139471232F9A224200DE4019 /* SleepDetailView.swift in Sources */ = {isa = PBXBuildFile; fileRef = 139471222F9A223900DE4019 /* SleepDetailView.swift */; };
		139471252F9A290000DE4019 /* HealthKitManager.swift in Sources */ = {isa = PBXBuildFile; fileRef = 139471242F9A28E800DE4019 /* HealthKitManager.swift */; };
		1394712A2F9A2FDD00DE4019 /* PulseDetailView.swift in Sources */ = {isa = PBXBuildFile; fileRef = 139471292F9A2FCD00DE4019 /* PulseDetailView.swift */; };
		1394712D2F9A303100DE4019 /* StepsDetailView.swift in Sources */ = {isa = PBXBuildFile; fileRef = 1394712C2F9A302700DE4019 /* StepsDetailView.swift */; };
		139471342F9CE70700DE4019 /* APIClient.swift in Sources */ = {isa = PBXBuildFile; fileRef = 139471322F9CE70700DE4019 /* APIClient.swift */; };
		139471352F9CE70700DE4019 /* APIConfig.swift in Sources */ = {isa = PBXBuildFile; fileRef = 139471332F9CE70700DE4019 /* APIConfig.swift */; };
		1394713A2FA1E3BF00DE4019 /* AnalysisView.swift in Sources */ = {isa = PBXBuildFile; fileRef = 139471392FA1E3B400DE4019 /* AnalysisView.swift */; };
		13A15AE32F93930B007A58B1 /* GlassCard.swift in Sources */ = {isa = PBXBuildFile; fileRef = 13A15AE22F93930B007A58B1 /* GlassCard.swift */; };
		13A15AE52F939744007A58B1 /* AuthViewModel.swift in Sources */ = {isa = PBXBuildFile; fileRef = 13A15AE42F939738007A58B1 /* AuthViewModel.swift */; };
		13A15AE92F939BC8007A58B1 /* GlassPanel.swift in Sources */ = {isa = PBXBuildFile; fileRef = 13A15AE82F939BC8007A58B1 /* GlassPanel.swift */; };
		13A15AEB2F93A7BF007A58B1 /* SafariView.swift in Sources */ = {isa = PBXBuildFile; fileRef = 13A15AEA2F93A7BA007A58B1 /* SafariView.swift */; };
		13A15AEE2F93B3CF007A58B1 /* GoogleSignIn in Frameworks */ = {isa = PBXBuildFile; productRef = 13A15AED2F93B3CF007A58B1 /* GoogleSignIn */; };
		13A15AF02F93B3CF007A58B1 /* GoogleSignInSwift in Frameworks */ = {isa = PBXBuildFile; productRef = 13A15AEF2F93B3CF007A58B1 /* GoogleSignInSwift */; };
		13CE3E832F9377840091C508 /* aiaia.json in Resources */ = {isa = PBXBuildFile; fileRef = 13CE3E6C2F9377840091C508 /* aiaia.json */; };
		13CE3E842F9377840091C508 /* Assets.xcassets in Resources */ = {isa = PBXBuildFile; fileRef = 13CE3E6D2F9377840091C508 /* Assets.xcassets */; };
		13CE3E852F9377840091C508 /* AuthService.swift in Sources */ = {isa = PBXBuildFile; fileRef = 13CE3E6E2F9377840091C508 /* AuthService.swift */; };
		13CE3E862F9377840091C508 /* BagytApp.swift in Sources */ = {isa = PBXBuildFile; fileRef = 13CE3E6F2F9377840091C508 /* BagytApp.swift */; };
		13CE3E872F9377840091C508 /* ChatService.swift in Sources */ = {isa = PBXBuildFile; fileRef = 13CE3E702F9377840091C508 /* ChatService.swift */; };
		13CE3E882F9377840091C508 /* ChatView.swift in Sources */ = {isa = PBXBuildFile; fileRef = 13CE3E712F9377840091C508 /* ChatView.swift */; };
		13CE3E8B2F9377840091C508 /* HealthMetricsView.swift in Sources */ = {isa = PBXBuildFile; fileRef = 13CE3E742F9377840091C508 /* HealthMetricsView.swift */; };
		13CE3E8C2F9377840091C508 /* HomeView.swift in Sources */ = {isa = PBXBuildFile; fileRef = 13CE3E752F9377840091C508 /* HomeView.swift */; };
		13CE3E8D2F9377840091C508 /* JournalView.swift in Sources */ = {isa = PBXBuildFile; fileRef = 13CE3E762F9377840091C508 /* JournalView.swift */; };
		13CE3E8E2F9377840091C508 /* KeyboardObserver.swift in Sources */ = {isa = PBXBuildFile; fileRef = 13CE3E772F9377840091C508 /* KeyboardObserver.swift */; };
		13CE3E8F2F9377840091C508 /* LanguageManager.swift in Sources */ = {isa = PBXBuildFile; fileRef = 13CE3E782F9377840091C508 /* LanguageManager.swift */; };
		13CE3E902F9377840091C508 /* LiquidBottomBar.swift in Sources */ = {isa = PBXBuildFile; fileRef = 13CE3E792F9377840091C508 /* LiquidBottomBar.swift */; };
		13CE3E922F9377840091C508 /* LoginView.swift in Sources */ = {isa = PBXBuildFile; fileRef = 13CE3E7B2F9377840091C508 /* LoginView.swift */; };
		13CE3E932F9377840091C508 /* LottieView.swift in Sources */ = {isa = PBXBuildFile; fileRef = 13CE3E7C2F9377840091C508 /* LottieView.swift */; };
		13CE3E942F9377840091C508 /* MoodView.swift in Sources */ = {isa = PBXBuildFile; fileRef = 13CE3E7D2F9377840091C508 /* MoodView.swift */; };
		13CE3E952F9377840091C508 /* MotionManager.swift in Sources */ = {isa = PBXBuildFile; fileRef = 13CE3E7E2F9377840091C508 /* MotionManager.swift */; };
		13CE3E962F9377840091C508 /* OnboardingContainerView.swift in Sources */ = {isa = PBXBuildFile; fileRef = 13CE3E7F2F9377840091C508 /* OnboardingContainerView.swift */; };
		13CE3E972F9377840091C508 /* OnboardingView.swift in Sources */ = {isa = PBXBuildFile; fileRef = 13CE3E802F9377840091C508 /* OnboardingView.swift */; };
		13CE3E982F9377840091C508 /* SettingsView.swift in Sources */ = {isa = PBXBuildFile; fileRef = 13CE3E812F9377840091C508 /* SettingsView.swift */; };
		13CE3E992F9377840091C508 /* VisualEffectBlur.swift in Sources */ = {isa = PBXBuildFile; fileRef = 13CE3E822F9377840091C508 /* VisualEffectBlur.swift */; };
		13CE3EB02F938FF90091C508 /* AnimatedGradientBackground.swift in Sources */ = {isa = PBXBuildFile; fileRef = 13CE3EAF2F938FF90091C508 /* AnimatedGradientBackground.swift */; };
		13DE826E2EB76F9300AF2047 /* AppState.swift in Sources */ = {isa = PBXBuildFile; fileRef = 13DE826D2EB76F9300AF2047 /* AppState.swift */; };
		13DE828E2EC307E400AF2047 /* Lottie in Frameworks */ = {isa = PBXBuildFile; productRef = 13DE828D2EC307E400AF2047 /* Lottie */; };
/* End PBXBuildFile section */

/* Begin PBXFileReference section */
		139471042F9548A800DE4019 /* KeychainHelper.swift */ = {isa = PBXFileReference; lastKnownFileType = sourcecode.swift; path = KeychainHelper.swift; sourceTree = "<group>"; };
		139471092F95575500DE4019 /* HealthManager.swift */ = {isa = PBXFileReference; lastKnownFileType = sourcecode.swift; path = HealthManager.swift; sourceTree = "<group>"; };
		1394710B2F95F7FD00DE4019 /* HealthViewModel.swift */ = {isa = PBXFileReference; lastKnownFileType = sourcecode.swift; path = HealthViewModel.swift; sourceTree = "<group>"; };
		139471142F962BA100DE4019 /* WaterView.swift */ = {isa = PBXFileReference; lastKnownFileType = sourcecode.swift; path = WaterView.swift; sourceTree = "<group>"; };
		139471162F96485D00DE4019 /* HeartbeatHaptics.swift */ = {isa = PBXFileReference; lastKnownFileType = sourcecode.swift; path = HeartbeatHaptics.swift; sourceTree = "<group>"; };
		1394711A2F98C4D800DE4019 /* SplashView.swift */ = {isa = PBXFileReference; lastKnownFileType = sourcecode.swift; path = SplashView.swift; sourceTree = "<group>"; };
		1394711D2F9A17FB00DE4019 /* ProfileOnboardingView.swift */ = {isa = PBXFileReference; lastKnownFileType = sourcecode.swift; path = ProfileOnboardingView.swift; sourceTree = "<group>"; };
		1394711F2F9A1EB800DE4019 /* UserProfileStore.swift */ = {isa = PBXFileReference; lastKnownFileType = sourcecode.swift; path = UserProfileStore.swift; sourceTree = "<group>"; };
		139471222F9A223900DE4019 /* SleepDetailView.swift */ = {isa = PBXFileReference; lastKnownFileType = sourcecode.swift; path = SleepDetailView.swift; sourceTree = "<group>"; };
		139471242F9A28E800DE4019 /* HealthKitManager.swift */ = {isa = PBXFileReference; lastKnownFileType = sourcecode.swift; path = HealthKitManager.swift; sourceTree = "<group>"; };
		139471292F9A2FCD00DE4019 /* PulseDetailView.swift */ = {isa = PBXFileReference; lastKnownFileType = sourcecode.swift; path = PulseDetailView.swift; sourceTree = "<group>"; };
		1394712C2F9A302700DE4019 /* StepsDetailView.swift */ = {isa = PBXFileReference; lastKnownFileType = sourcecode.swift; path = StepsDetailView.swift; sourceTree = "<group>"; };
		139471322F9CE70700DE4019 /* APIClient.swift */ = {isa = PBXFileReference; lastKnownFileType = sourcecode.swift; path = APIClient.swift; sourceTree = "<group>"; };
		139471332F9CE70700DE4019 /* APIConfig.swift */ = {isa = PBXFileReference; lastKnownFileType = sourcecode.swift; path = APIConfig.swift; sourceTree = "<group>"; };
		139471372F9CE73000DE4019 /* APIDTOs.swift */ = {isa = PBXFileReference; lastKnownFileType = sourcecode.swift; path = APIDTOs.swift; sourceTree = "<group>"; };
		139471392FA1E3B400DE4019 /* AnalysisView.swift */ = {isa = PBXFileReference; lastKnownFileType = sourcecode.swift; path = AnalysisView.swift; sourceTree = "<group>"; };
		13A15AE22F93930B007A58B1 /* GlassCard.swift */ = {isa = PBXFileReference; lastKnownFileType = sourcecode.swift; path = GlassCard.swift; sourceTree = "<group>"; };
		13A15AE42F939738007A58B1 /* AuthViewModel.swift */ = {isa = PBXFileReference; lastKnownFileType = sourcecode.swift; path = AuthViewModel.swift; sourceTree = "<group>"; };
		13A15AE82F939BC8007A58B1 /* GlassPanel.swift */ = {isa = PBXFileReference; lastKnownFileType = sourcecode.swift; path = GlassPanel.swift; sourceTree = "<group>"; };
		13A15AEA2F93A7BA007A58B1 /* SafariView.swift */ = {isa = PBXFileReference; lastKnownFileType = sourcecode.swift; path = SafariView.swift; sourceTree = "<group>"; };
		13CE3E6C2F9377840091C508 /* aiaia.json */ = {isa = PBXFileReference; lastKnownFileType = text.json; path = aiaia.json; sourceTree = "<group>"; };
		13CE3E6D2F9377840091C508 /* Assets.xcassets */ = {isa = PBXFileReference; lastKnownFileType = folder.assetcatalog; path = Assets.xcassets; sourceTree = "<group>"; };
		13CE3E6E2F9377840091C508 /* AuthService.swift */ = {isa = PBXFileReference; lastKnownFileType = sourcecode.swift; path = AuthService.swift; sourceTree = "<group>"; };
		13CE3E6F2F9377840091C508 /* BagytApp.swift */ = {isa = PBXFileReference; lastKnownFileType = sourcecode.swift; path = BagytApp.swift; sourceTree = "<group>"; };
		13CE3E702F9377840091C508 /* ChatService.swift */ = {isa = PBXFileReference; lastKnownFileType = sourcecode.swift; path = ChatService.swift; sourceTree = "<group>"; };
		13CE3E712F9377840091C508 /* ChatView.swift */ = {isa = PBXFileReference; lastKnownFileType = sourcecode.swift; path = ChatView.swift; sourceTree = "<group>"; };
		13CE3E742F9377840091C508 /* HealthMetricsView.swift */ = {isa = PBXFileReference; lastKnownFileType = sourcecode.swift; path = HealthMetricsView.swift; sourceTree = "<group>"; };
		13CE3E752F9377840091C508 /* HomeView.swift */ = {isa = PBXFileReference; lastKnownFileType = sourcecode.swift; path = HomeView.swift; sourceTree = "<group>"; };
		13CE3E762F9377840091C508 /* JournalView.swift */ = {isa = PBXFileReference; lastKnownFileType = sourcecode.swift; path = JournalView.swift; sourceTree = "<group>"; };
		13CE3E772F9377840091C508 /* KeyboardObserver.swift */ = {isa = PBXFileReference; lastKnownFileType = sourcecode.swift; path = KeyboardObserver.swift; sourceTree = "<group>"; };
		13CE3E782F9377840091C508 /* LanguageManager.swift */ = {isa = PBXFileReference; lastKnownFileType = sourcecode.swift; path = LanguageManager.swift; sourceTree = "<group>"; };
		13CE3E792F9377840091C508 /* LiquidBottomBar.swift */ = {isa = PBXFileReference; lastKnownFileType = sourcecode.swift; path = LiquidBottomBar.swift; sourceTree = "<group>"; };
		13CE3E7B2F9377840091C508 /* LoginView.swift */ = {isa = PBXFileReference; lastKnownFileType = sourcecode.swift; path = LoginView.swift; sourceTree = "<group>"; };
		13CE3E7C2F9377840091C508 /* LottieView.swift */ = {isa = PBXFileReference; lastKnownFileType = sourcecode.swift; path = LottieView.swift; sourceTree = "<group>"; };
		13CE3E7D2F9377840091C508 /* MoodView.swift */ = {isa = PBXFileReference; lastKnownFileType = sourcecode.swift; path = MoodView.swift; sourceTree = "<group>"; };
		13CE3E7E2F9377840091C508 /* MotionManager.swift */ = {isa = PBXFileReference; lastKnownFileType = sourcecode.swift; path = MotionManager.swift; sourceTree = "<group>"; };
		13CE3E7F2F9377840091C508 /* OnboardingContainerView.swift */ = {isa = PBXFileReference; lastKnownFileType = sourcecode.swift; path = OnboardingContainerView.swift; sourceTree = "<group>"; };
		13CE3E802F9377840091C508 /* OnboardingView.swift */ = {isa = PBXFileReference; lastKnownFileType = sourcecode.swift; path = OnboardingView.swift; sourceTree = "<group>"; };
		13CE3E812F9377840091C508 /* SettingsView.swift */ = {isa = PBXFileReference; lastKnownFileType = sourcecode.swift; path = SettingsView.swift; sourceTree = "<group>"; };
		13CE3E822F9377840091C508 /* VisualEffectBlur.swift */ = {isa = PBXFileReference; lastKnownFileType = sourcecode.swift; path = VisualEffectBlur.swift; sourceTree = "<group>"; };
		13CE3EAF2F938FF90091C508 /* AnimatedGradientBackground.swift */ = {isa = PBXFileReference; lastKnownFileType = sourcecode.swift; path = AnimatedGradientBackground.swift; sourceTree = "<group>"; };
		13DC10412EB5FF6D00352509 /* Bagyt.app */ = {isa = PBXFileReference; explicitFileType = wrapper.application; includeInIndex = 0; path = Bagyt.app; sourceTree = BUILT_PRODUCTS_DIR; };
		13DE826D2EB76F9300AF2047 /* AppState.swift */ = {isa = PBXFileReference; lastKnownFileType = sourcecode.swift; path = AppState.swift; sourceTree = "<group>"; };
/* End PBXFileReference section */

/* Begin PBXFileSystemSynchronizedRootGroup section */
		13DC10432EB5FF6D00352509 /* Bagyt */ = {
			isa = PBXFileSystemSynchronizedRootGroup;
			path = Bagyt;
			sourceTree = "<group>";
		};
/* End PBXFileSystemSynchronizedRootGroup section */

/* Begin PBXFrameworksBuildPhase section */
		13DC103E2EB5FF6D00352509 /* Frameworks */ = {
			isa = PBXFrameworksBuildPhase;
			buildActionMask = 2147483647;
			files = (
				13A15AF02F93B3CF007A58B1 /* GoogleSignInSwift in Frameworks */,
				13DE828E2EC307E400AF2047 /* Lottie in Frameworks */,
				13A15AEE2F93B3CF007A58B1 /* GoogleSignIn in Frameworks */,
			);
			runOnlyForDeploymentPostprocessing = 0;
		};
/* End PBXFrameworksBuildPhase section */

/* Begin PBXGroup section */
		139471212F9A222C00DE4019 /* Sleep */ = {
			isa = PBXGroup;
			children = (
				139471222F9A223900DE4019 /* SleepDetailView.swift */,
			);
			path = Sleep;
			sourceTree = "<group>";
		};
		139471282F9A2FBC00DE4019 /* Pulse */ = {
			isa = PBXGroup;
			children = (
				139471292F9A2FCD00DE4019 /* PulseDetailView.swift */,
			);
			path = Pulse;
			sourceTree = "<group>";
		};
		1394712B2F9A301700DE4019 /* Steps */ = {
			isa = PBXGroup;
			children = (
				1394712C2F9A302700DE4019 /* StepsDetailView.swift */,
			);
			path = Steps;
			sourceTree = "<group>";
		};
		139471362F9CE71B00DE4019 /* Models */ = {
			isa = PBXGroup;
			children = (
				139471372F9CE73000DE4019 /* APIDTOs.swift */,
			);
			path = Models;
			sourceTree = "<group>";
		};
		139471382FA1E39E00DE4019 /* Analysis */ = {
			isa = PBXGroup;
			children = (
				139471392FA1E3B400DE4019 /* AnalysisView.swift */,
			);
			path = Analysis;
			sourceTree = "<group>";
		};
		139506E32F954856002D0D0A /* Storage */ = {
			isa = PBXGroup;
			children = (
				139471042F9548A800DE4019 /* KeychainHelper.swift */,
			);
			path = Storage;
			sourceTree = "<group>";
		};
		13CE3E9A2F937B520091C508 /* App */ = {
			isa = PBXGroup;
			children = (
				13DE826D2EB76F9300AF2047 /* AppState.swift */,
				13CE3E6F2F9377840091C508 /* BagytApp.swift */,
			);
			path = App;
			sourceTree = "<group>";
		};
		13CE3E9B2F937B640091C508 /* Core */ = {
			isa = PBXGroup;
			children = (
				13CE3EA02F937B980091C508 /* Managers */,
				13CE3E9F2F937B8D0091C508 /* Services */,
			);
			path = Core;
			sourceTree = "<group>";
		};
		13CE3E9C2F937B6F0091C508 /* Features */ = {
			isa = PBXGroup;
			children = (
				139471382FA1E39E00DE4019 /* Analysis */,
				1394712B2F9A301700DE4019 /* Steps */,
				139471282F9A2FBC00DE4019 /* Pulse */,
				139471212F9A222C00DE4019 /* Sleep */,
				13CE3EA82F938A8E0091C508 /* Onboarding */,
				13CE3EA52F937BBE0091C508 /* Health */,
				13CE3EA42F937BB70091C508 /* Journal */,
				13CE3EA32F937BB00091C508 /* Home */,
				13CE3EA22F937BAB0091C508 /* Chat */,
				13CE3EA12F937BA40091C508 /* Auth */,
			);
			path = Features;
			sourceTree = "<group>";
		};
		13CE3E9D2F937B780091C508 /* UI */ = {
			isa = PBXGroup;
			children = (
				13CE3EA72F937BD10091C508 /* Animations */,
				13CE3EA62F937BC90091C508 /* Components */,
			);
			path = UI;
			sourceTree = "<group>";
		};
		13CE3E9E2F937B7F0091C508 /* Resources */ = {
			isa = PBXGroup;
			children = (
				13CE3E6C2F9377840091C508 /* aiaia.json */,
				13CE3E6D2F9377840091C508 /* Assets.xcassets */,
			);
			path = Resources;
			sourceTree = "<group>";
		};
		13CE3E9F2F937B8D0091C508 /* Services */ = {
			isa = PBXGroup;
			children = (
				139506E32F954856002D0D0A /* Storage */,
				13CE3E6E2F9377840091C508 /* AuthService.swift */,
				13CE3E702F9377840091C508 /* ChatService.swift */,
				139471322F9CE70700DE4019 /* APIClient.swift */,
				139471332F9CE70700DE4019 /* APIConfig.swift */,
			);
			path = Services;
			sourceTree = "<group>";
		};
		13CE3EA02F937B980091C508 /* Managers */ = {
			isa = PBXGroup;
			children = (
				139471092F95575500DE4019 /* HealthManager.swift */,
				13CE3E782F9377840091C508 /* LanguageManager.swift */,
				13CE3E772F9377840091C508 /* KeyboardObserver.swift */,
				13CE3E7E2F9377840091C508 /* MotionManager.swift */,
			);
			path = Managers;
			sourceTree = "<group>";
		};
		13CE3EA12F937BA40091C508 /* Auth */ = {
			isa = PBXGroup;
			children = (
				13A15AE42F939738007A58B1 /* AuthViewModel.swift */,
				13CE3E7B2F9377840091C508 /* LoginView.swift */,
			);
			path = Auth;
			sourceTree = "<group>";
		};
		13CE3EA22F937BAB0091C508 /* Chat */ = {
			isa = PBXGroup;
			children = (
				13CE3E712F9377840091C508 /* ChatView.swift */,
			);
			path = Chat;
			sourceTree = "<group>";
		};
		13CE3EA32F937BB00091C508 /* Home */ = {
			isa = PBXGroup;
			children = (
				13CE3E752F9377840091C508 /* HomeView.swift */,
				13CE3E7D2F9377840091C508 /* MoodView.swift */,
				13CE3E812F9377840091C508 /* SettingsView.swift */,
			);
			path = Home;
			sourceTree = "<group>";
		};
		13CE3EA42F937BB70091C508 /* Journal */ = {
			isa = PBXGroup;
			children = (
				13CE3E762F9377840091C508 /* JournalView.swift */,
			);
			path = Journal;
			sourceTree = "<group>";
		};
		13CE3EA52F937BBE0091C508 /* Health */ = {
			isa = PBXGroup;
			children = (
				139471242F9A28E800DE4019 /* HealthKitManager.swift */,
				1394710B2F95F7FD00DE4019 /* HealthViewModel.swift */,
				13CE3E742F9377840091C508 /* HealthMetricsView.swift */,
			);
			path = Health;
			sourceTree = "<group>";
		};
		13CE3EA62F937BC90091C508 /* Components */ = {
			isa = PBXGroup;
			children = (
				1394711F2F9A1EB800DE4019 /* UserProfileStore.swift */,
				1394711A2F98C4D800DE4019 /* SplashView.swift */,
				139471162F96485D00DE4019 /* HeartbeatHaptics.swift */,
				139471142F962BA100DE4019 /* WaterView.swift */,
				13A15AEA2F93A7BA007A58B1 /* SafariView.swift */,
				13A15AE82F939BC8007A58B1 /* GlassPanel.swift */,
				13CE3E7C2F9377840091C508 /* LottieView.swift */,
				13CE3E792F9377840091C508 /* LiquidBottomBar.swift */,
				13CE3E822F9377840091C508 /* VisualEffectBlur.swift */,
				13A15AE22F93930B007A58B1 /* GlassCard.swift */,
			);
			path = Components;
			sourceTree = "<group>";
		};
		13CE3EA72F937BD10091C508 /* Animations */ = {
			isa = PBXGroup;
			children = (
				13CE3EAF2F938FF90091C508 /* AnimatedGradientBackground.swift */,
			);
			path = Animations;
			sourceTree = "<group>";
		};
		13CE3EA82F938A8E0091C508 /* Onboarding */ = {
			isa = PBXGroup;
			children = (
				1394711D2F9A17FB00DE4019 /* ProfileOnboardingView.swift */,
				13CE3E7F2F9377840091C508 /* OnboardingContainerView.swift */,
				13CE3E802F9377840091C508 /* OnboardingView.swift */,
			);
			path = Onboarding;
			sourceTree = "<group>";
		};
		13DC10382EB5FF6C00352509 = {
			isa = PBXGroup;
			children = (
				139471362F9CE71B00DE4019 /* Models */,
				13CE3E9E2F937B7F0091C508 /* Resources */,
				13CE3E9D2F937B780091C508 /* UI */,
				13CE3E9C2F937B6F0091C508 /* Features */,
				13CE3E9B2F937B640091C508 /* Core */,
				13CE3E9A2F937B520091C508 /* App */,
				13DC10432EB5FF6D00352509 /* Bagyt */,
				13DC10422EB5FF6D00352509 /* Products */,
			);
			sourceTree = "<group>";
		};
		13DC10422EB5FF6D00352509 /* Products */ = {
			isa = PBXGroup;
			children = (
				13DC10412EB5FF6D00352509 /* Bagyt.app */,
			);
			name = Products;
			sourceTree = "<group>";
		};
/* End PBXGroup section */

/* Begin PBXNativeTarget section */
		13DC10402EB5FF6D00352509 /* Bagyt */ = {
			isa = PBXNativeTarget;
			buildConfigurationList = 13DC104C2EB5FF6E00352509 /* Build configuration list for PBXNativeTarget "Bagyt" */;
			buildPhases = (
				13DC103D2EB5FF6D00352509 /* Sources */,
				13DC103E2EB5FF6D00352509 /* Frameworks */,
				13DC103F2EB5FF6D00352509 /* Resources */,
			);
			buildRules = (
			);
			dependencies = (
			);
			fileSystemSynchronizedGroups = (
				13DC10432EB5FF6D00352509 /* Bagyt */,
			);
			name = Bagyt;
			packageProductDependencies = (
				13DE828D2EC307E400AF2047 /* Lottie */,
				13A15AED2F93B3CF007A58B1 /* GoogleSignIn */,
				13A15AEF2F93B3CF007A58B1 /* GoogleSignInSwift */,
			);
			productName = Bagyt;
			productReference = 13DC10412EB5FF6D00352509 /* Bagyt.app */;
			productType = "com.apple.product-type.application";
		};
/* End PBXNativeTarget section */

/* Begin PBXProject section */
		13DC10392EB5FF6C00352509 /* Project object */ = {
			isa = PBXProject;
			attributes = {
				BuildIndependentTargetsInParallel = 1;
				LastSwiftUpdateCheck = 2600;
				LastUpgradeCheck = 2600;
				TargetAttributes = {
					13DC10402EB5FF6D00352509 = {
						CreatedOnToolsVersion = 26.0.1;
					};
				};
			};
			buildConfigurationList = 13DC103C2EB5FF6C00352509 /* Build configuration list for PBXProject "Bagyt" */;
			developmentRegion = en;
			hasScannedForEncodings = 0;
			knownRegions = (
				en,
				Base,
			);
			mainGroup = 13DC10382EB5FF6C00352509;
			minimizedProjectReferenceProxies = 1;
			packageReferences = (
				13DE828C2EC307E400AF2047 /* XCRemoteSwiftPackageReference "lottie-ios" */,
				13A15AEC2F93B3CF007A58B1 /* XCRemoteSwiftPackageReference "GoogleSignIn-iOS" */,
			);
			preferredProjectObjectVersion = 77;
			productRefGroup = 13DC10422EB5FF6D00352509 /* Products */;
			projectDirPath = "";
			projectRoot = "";
			targets = (
				13DC10402EB5FF6D00352509 /* Bagyt */,
			);
		};
/* End PBXProject section */

/* Begin PBXResourcesBuildPhase section */
		13DC103F2EB5FF6D00352509 /* Resources */ = {
			isa = PBXResourcesBuildPhase;
			buildActionMask = 2147483647;
			files = (
				13CE3E832F9377840091C508 /* aiaia.json in Resources */,
				13CE3E842F9377840091C508 /* Assets.xcassets in Resources */,
			);
			runOnlyForDeploymentPostprocessing = 0;
		};
/* End PBXResourcesBuildPhase section */

/* Begin PBXSourcesBuildPhase section */
		13DC103D2EB5FF6D00352509 /* Sources */ = {
			isa = PBXSourcesBuildPhase;
			buildActionMask = 2147483647;
			files = (
				139471342F9CE70700DE4019 /* APIClient.swift in Sources */,
				139471352F9CE70700DE4019 /* APIConfig.swift in Sources */,
				13CE3E852F9377840091C508 /* AuthService.swift in Sources */,
				13CE3E862F9377840091C508 /* BagytApp.swift in Sources */,
				139471202F9A1EBA00DE4019 /* UserProfileStore.swift in Sources */,
				139471232F9A224200DE4019 /* SleepDetailView.swift in Sources */,
				13CE3E872F9377840091C508 /* ChatService.swift in Sources */,
				13CE3E882F9377840091C508 /* ChatView.swift in Sources */,
				13CE3E8B2F9377840091C508 /* HealthMetricsView.swift in Sources */,
				1394711E2F9A180100DE4019 /* ProfileOnboardingView.swift in Sources */,
				13CE3E8C2F9377840091C508 /* HomeView.swift in Sources */,
				13CE3E8D2F9377840091C508 /* JournalView.swift in Sources */,
				13CE3E8E2F9377840091C508 /* KeyboardObserver.swift in Sources */,
				13CE3E8F2F9377840091C508 /* LanguageManager.swift in Sources */,
				13CE3E902F9377840091C508 /* LiquidBottomBar.swift in Sources */,
				13A15AE32F93930B007A58B1 /* GlassCard.swift in Sources */,
				1394711B2F98C4DE00DE4019 /* SplashView.swift in Sources */,
				13CE3E922F9377840091C508 /* LoginView.swift in Sources */,
				13A15AE92F939BC8007A58B1 /* GlassPanel.swift in Sources */,
				1394712D2F9A303100DE4019 /* StepsDetailView.swift in Sources */,
				13CE3E932F9377840091C508 /* LottieView.swift in Sources */,
				13CE3EB02F938FF90091C508 /* AnimatedGradientBackground.swift in Sources */,
				1394713A2FA1E3BF00DE4019 /* AnalysisView.swift in Sources */,
				13CE3E942F9377840091C508 /* MoodView.swift in Sources */,
				139471152F962BAB00DE4019 /* WaterView.swift in Sources */,
				13CE3E952F9377840091C508 /* MotionManager.swift in Sources */,
				139471172F96486E00DE4019 /* HeartbeatHaptics.swift in Sources */,
				13A15AE52F939744007A58B1 /* AuthViewModel.swift in Sources */,
				1394710A2F95575800DE4019 /* HealthManager.swift in Sources */,
				13A15AEB2F93A7BF007A58B1 /* SafariView.swift in Sources */,
				13CE3E962F9377840091C508 /* OnboardingContainerView.swift in Sources */,
				1394710C2F95F80700DE4019 /* HealthViewModel.swift in Sources */,
				139471052F9548B100DE4019 /* KeychainHelper.swift in Sources */,
				13CE3E972F9377840091C508 /* OnboardingView.swift in Sources */,
				13CE3E982F9377840091C508 /* SettingsView.swift in Sources */,
				13CE3E992F9377840091C508 /* VisualEffectBlur.swift in Sources */,
				139471252F9A290000DE4019 /* HealthKitManager.swift in Sources */,
				13DE826E2EB76F9300AF2047 /* AppState.swift in Sources */,
				1394712A2F9A2FDD00DE4019 /* PulseDetailView.swift in Sources */,
			);
			runOnlyForDeploymentPostprocessing = 0;
		};
/* End PBXSourcesBuildPhase section */

/* Begin XCBuildConfiguration section */
		13DC104A2EB5FF6E00352509 /* Debug */ = {
			isa = XCBuildConfiguration;
			buildSettings = {
				ALWAYS_SEARCH_USER_PATHS = NO;
				ASSETCATALOG_COMPILER_GENERATE_SWIFT_ASSET_SYMBOL_EXTENSIONS = YES;
				CLANG_ANALYZER_NONNULL = YES;
				CLANG_ANALYZER_NUMBER_OBJECT_CONVERSION = YES_AGGRESSIVE;
				CLANG_CXX_LANGUAGE_STANDARD = "gnu++20";
				CLANG_ENABLE_MODULES = YES;
				CLANG_ENABLE_OBJC_ARC = YES;
				CLANG_ENABLE_OBJC_WEAK = YES;
				CLANG_WARN_BLOCK_CAPTURE_AUTORELEASING = YES;
				CLANG_WARN_BOOL_CONVERSION = YES;
				CLANG_WARN_COMMA = YES;
				CLANG_WARN_CONSTANT_CONVERSION = YES;
				CLANG_WARN_DEPRECATED_OBJC_IMPLEMENTATIONS = YES;
				CLANG_WARN_DIRECT_OBJC_ISA_USAGE = YES_ERROR;
				CLANG_WARN_DOCUMENTATION_COMMENTS = YES;
				CLANG_WARN_EMPTY_BODY = YES;
				CLANG_WARN_ENUM_CONVERSION = YES;
				CLANG_WARN_INFINITE_RECURSION = YES;
				CLANG_WARN_INT_CONVERSION = YES;
				CLANG_WARN_NON_LITERAL_NULL_CONVERSION = YES;
				CLANG_WARN_OBJC_IMPLICIT_RETAIN_SELF = YES;
				CLANG_WARN_OBJC_LITERAL_CONVERSION = YES;
				CLANG_WARN_OBJC_ROOT_CLASS = YES_ERROR;
				CLANG_WARN_QUOTED_INCLUDE_IN_FRAMEWORK_HEADER = YES;
				CLANG_WARN_RANGE_LOOP_ANALYSIS = YES;
				CLANG_WARN_STRICT_PROTOTYPES = YES;
				CLANG_WARN_SUSPICIOUS_MOVE = YES;
				CLANG_WARN_UNGUARDED_AVAILABILITY = YES_AGGRESSIVE;
				CLANG_WARN_UNREACHABLE_CODE = YES;
				CLANG_WARN__DUPLICATE_METHOD_MATCH = YES;
				COPY_PHASE_STRIP = NO;
				DEBUG_INFORMATION_FORMAT = dwarf;
				DEVELOPMENT_TEAM = AKSYX8UKBR;
				ENABLE_STRICT_OBJC_MSGSEND = YES;
				ENABLE_TESTABILITY = YES;
				ENABLE_USER_SCRIPT_SANDBOXING = YES;
				GCC_C_LANGUAGE_STANDARD = gnu17;
				GCC_DYNAMIC_NO_PIC = NO;
				GCC_NO_COMMON_BLOCKS = YES;
				GCC_OPTIMIZATION_LEVEL = 0;
				GCC_PREPROCESSOR_DEFINITIONS = (
					"DEBUG=1",
					"$(inherited)",
				);
				GCC_WARN_64_TO_32_BIT_CONVERSION = YES;
				GCC_WARN_ABOUT_RETURN_TYPE = YES_ERROR;
				GCC_WARN_UNDECLARED_SELECTOR = YES;
				GCC_WARN_UNINITIALIZED_AUTOS = YES_AGGRESSIVE;
				GCC_WARN_UNUSED_FUNCTION = YES;
				GCC_WARN_UNUSED_VARIABLE = YES;
				IPHONEOS_DEPLOYMENT_TARGET = 26.0;
				LOCALIZATION_PREFERS_STRING_CATALOGS = YES;
				MTL_ENABLE_DEBUG_INFO = INCLUDE_SOURCE;
				MTL_FAST_MATH = YES;
				ONLY_ACTIVE_ARCH = YES;
				SDKROOT = iphoneos;
				SWIFT_ACTIVE_COMPILATION_CONDITIONS = "DEBUG $(inherited)";
				SWIFT_OPTIMIZATION_LEVEL = "-Onone";
			};
			name = Debug;
		};
		13DC104B2EB5FF6E00352509 /* Release */ = {
			isa = XCBuildConfiguration;
			buildSettings = {
				ALWAYS_SEARCH_USER_PATHS = NO;
				ASSETCATALOG_COMPILER_GENERATE_SWIFT_ASSET_SYMBOL_EXTENSIONS = YES;
				CLANG_ANALYZER_NONNULL = YES;
				CLANG_ANALYZER_NUMBER_OBJECT_CONVERSION = YES_AGGRESSIVE;
				CLANG_CXX_LANGUAGE_STANDARD = "gnu++20";
				CLANG_ENABLE_MODULES = YES;
				CLANG_ENABLE_OBJC_ARC = YES;
				CLANG_ENABLE_OBJC_WEAK = YES;
				CLANG_WARN_BLOCK_CAPTURE_AUTORELEASING = YES;
				CLANG_WARN_BOOL_CONVERSION = YES;
				CLANG_WARN_COMMA = YES;
				CLANG_WARN_CONSTANT_CONVERSION = YES;
				CLANG_WARN_DEPRECATED_OBJC_IMPLEMENTATIONS = YES;
				CLANG_WARN_DIRECT_OBJC_ISA_USAGE = YES_ERROR;
				CLANG_WARN_DOCUMENTATION_COMMENTS = YES;
				CLANG_WARN_EMPTY_BODY = YES;
				CLANG_WARN_ENUM_CONVERSION = YES;
				CLANG_WARN_INFINITE_RECURSION = YES;
				CLANG_WARN_INT_CONVERSION = YES;
				CLANG_WARN_NON_LITERAL_NULL_CONVERSION = YES;
				CLANG_WARN_OBJC_IMPLICIT_RETAIN_SELF = YES;
				CLANG_WARN_OBJC_LITERAL_CONVERSION = YES;
				CLANG_WARN_OBJC_ROOT_CLASS = YES_ERROR;
				CLANG_WARN_QUOTED_INCLUDE_IN_FRAMEWORK_HEADER = YES;
				CLANG_WARN_RANGE_LOOP_ANALYSIS = YES;
				CLANG_WARN_STRICT_PROTOTYPES = YES;
				CLANG_WARN_SUSPICIOUS_MOVE = YES;
				CLANG_WARN_UNGUARDED_AVAILABILITY = YES_AGGRESSIVE;
				CLANG_WARN_UNREACHABLE_CODE = YES;
				CLANG_WARN__DUPLICATE_METHOD_MATCH = YES;
				COPY_PHASE_STRIP = NO;
				DEBUG_INFORMATION_FORMAT = "dwarf-with-dsym";
				DEVELOPMENT_TEAM = AKSYX8UKBR;
				ENABLE_NS_ASSERTIONS = NO;
				ENABLE_STRICT_OBJC_MSGSEND = YES;
				ENABLE_USER_SCRIPT_SANDBOXING = YES;
				GCC_C_LANGUAGE_STANDARD = gnu17;
				GCC_NO_COMMON_BLOCKS = YES;
				GCC_WARN_64_TO_32_BIT_CONVERSION = YES;
				GCC_WARN_ABOUT_RETURN_TYPE = YES_ERROR;
				GCC_WARN_UNDECLARED_SELECTOR = YES;
				GCC_WARN_UNINITIALIZED_AUTOS = YES_AGGRESSIVE;
				GCC_WARN_UNUSED_FUNCTION = YES;
				GCC_WARN_UNUSED_VARIABLE = YES;
				IPHONEOS_DEPLOYMENT_TARGET = 26.0;
				LOCALIZATION_PREFERS_STRING_CATALOGS = YES;
				MTL_ENABLE_DEBUG_INFO = NO;
				MTL_FAST_MATH = YES;
				SDKROOT = iphoneos;
				SWIFT_COMPILATION_MODE = wholemodule;
				VALIDATE_PRODUCT = YES;
			};
			name = Release;
		};
		13DC104D2EB5FF6E00352509 /* Debug */ = {
			isa = XCBuildConfiguration;
			buildSettings = {
				ASSETCATALOG_COMPILER_APPICON_NAME = AppIcon;
				ASSETCATALOG_COMPILER_GLOBAL_ACCENT_COLOR_NAME = AccentColor;
				CODE_SIGN_ENTITLEMENTS = Bagyt/Bagyt.entitlements;
				CODE_SIGN_STYLE = Automatic;
				CURRENT_PROJECT_VERSION = 1;
				DEVELOPMENT_TEAM = AKSYX8UKBR;
				ENABLE_PREVIEWS = YES;
				GENERATE_INFOPLIST_FILE = YES;
				INFOPLIST_KEY_CFBundleDisplayName = "";
				INFOPLIST_KEY_LSApplicationCategoryType = "";
				INFOPLIST_KEY_NSHealthShareUsageDescription = "This app reads your health data (steps, heart rate, calories) to show your daily metrics and provide personalized insights.";
				INFOPLIST_KEY_NSHealthUpdateUsageDescription = "This app may write health data to improve your experience.";
				INFOPLIST_KEY_UIApplicationSceneManifest_Generation = YES;
				INFOPLIST_KEY_UIApplicationSupportsIndirectInputEvents = YES;
				INFOPLIST_KEY_UILaunchScreen_Generation = YES;
				INFOPLIST_KEY_UISupportedInterfaceOrientations_iPad = "UIInterfaceOrientationPortrait UIInterfaceOrientationPortraitUpsideDown UIInterfaceOrientationLandscapeLeft UIInterfaceOrientationLandscapeRight";
				INFOPLIST_KEY_UISupportedInterfaceOrientations_iPhone = "UIInterfaceOrientationPortrait UIInterfaceOrientationLandscapeLeft UIInterfaceOrientationLandscapeRight";
				LD_RUNPATH_SEARCH_PATHS = (
					"$(inherited)",
					"@executable_path/Frameworks",
				);
				MARKETING_VERSION = 1.0;
				PRODUCT_BUNDLE_IDENTIFIER = com.temir.Bagyt;
				PRODUCT_NAME = "$(TARGET_NAME)";
				STRING_CATALOG_GENERATE_SYMBOLS = YES;
				SWIFT_APPROACHABLE_CONCURRENCY = YES;
				SWIFT_DEFAULT_ACTOR_ISOLATION = MainActor;
				SWIFT_EMIT_LOC_STRINGS = YES;
				SWIFT_UPCOMING_FEATURE_MEMBER_IMPORT_VISIBILITY = YES;
				SWIFT_VERSION = 5.0;
				TARGETED_DEVICE_FAMILY = "1,2";
			};
			name = Debug;
		};
		13DC104E2EB5FF6E00352509 /* Release */ = {
			isa = XCBuildConfiguration;
			buildSettings = {
				ASSETCATALOG_COMPILER_APPICON_NAME = AppIcon;
				ASSETCATALOG_COMPILER_GLOBAL_ACCENT_COLOR_NAME = AccentColor;
				CODE_SIGN_ENTITLEMENTS = Bagyt/Bagyt.entitlements;
				CODE_SIGN_STYLE = Automatic;
				CURRENT_PROJECT_VERSION = 1;
				DEVELOPMENT_TEAM = AKSYX8UKBR;
				ENABLE_PREVIEWS = YES;
				GENERATE_INFOPLIST_FILE = YES;
				INFOPLIST_KEY_CFBundleDisplayName = "";
				INFOPLIST_KEY_LSApplicationCategoryType = "";
				INFOPLIST_KEY_NSHealthShareUsageDescription = "This app reads your health data (steps, heart rate, calories) to show your daily metrics and provide personalized insights.";
				INFOPLIST_KEY_NSHealthUpdateUsageDescription = "This app may write health data to improve your experience.";
				INFOPLIST_KEY_UIApplicationSceneManifest_Generation = YES;
				INFOPLIST_KEY_UIApplicationSupportsIndirectInputEvents = YES;
				INFOPLIST_KEY_UILaunchScreen_Generation = YES;
				INFOPLIST_KEY_UISupportedInterfaceOrientations_iPad = "UIInterfaceOrientationPortrait UIInterfaceOrientationPortraitUpsideDown UIInterfaceOrientationLandscapeLeft UIInterfaceOrientationLandscapeRight";
				INFOPLIST_KEY_UISupportedInterfaceOrientations_iPhone = "UIInterfaceOrientationPortrait UIInterfaceOrientationLandscapeLeft UIInterfaceOrientationLandscapeRight";
				LD_RUNPATH_SEARCH_PATHS = (
					"$(inherited)",
					"@executable_path/Frameworks",
				);
				MARKETING_VERSION = 1.0;
				PRODUCT_BUNDLE_IDENTIFIER = com.temir.Bagyt;
				PRODUCT_NAME = "$(TARGET_NAME)";
				STRING_CATALOG_GENERATE_SYMBOLS = YES;
				SWIFT_APPROACHABLE_CONCURRENCY = YES;
				SWIFT_DEFAULT_ACTOR_ISOLATION = MainActor;
				SWIFT_EMIT_LOC_STRINGS = YES;
				SWIFT_UPCOMING_FEATURE_MEMBER_IMPORT_VISIBILITY = YES;
				SWIFT_VERSION = 5.0;
				TARGETED_DEVICE_FAMILY = "1,2";
			};
			name = Release;
		};
/* End XCBuildConfiguration section */

/* Begin XCConfigurationList section */
		13DC103C2EB5FF6C00352509 /* Build configuration list for PBXProject "Bagyt" */ = {
			isa = XCConfigurationList;
			buildConfigurations = (
				13DC104A2EB5FF6E00352509 /* Debug */,
				13DC104B2EB5FF6E00352509 /* Release */,
			);
			defaultConfigurationIsVisible = 0;
			defaultConfigurationName = Release;
		};
		13DC104C2EB5FF6E00352509 /* Build configuration list for PBXNativeTarget "Bagyt" */ = {
			isa = XCConfigurationList;
			buildConfigurations = (
				13DC104D2EB5FF6E00352509 /* Debug */,
				13DC104E2EB5FF6E00352509 /* Release */,
			);
			defaultConfigurationIsVisible = 0;
			defaultConfigurationName = Release;
		};
/* End XCConfigurationList section */

/* Begin XCRemoteSwiftPackageReference section */
		13A15AEC2F93B3CF007A58B1 /* XCRemoteSwiftPackageReference "GoogleSignIn-iOS" */ = {
			isa = XCRemoteSwiftPackageReference;
			repositoryURL = "https://github.com/google/GoogleSignIn-iOS";
			requirement = {
				kind = upToNextMajorVersion;
				minimumVersion = 9.1.0;
			};
		};
		13DE828C2EC307E400AF2047 /* XCRemoteSwiftPackageReference "lottie-ios" */ = {
			isa = XCRemoteSwiftPackageReference;
			repositoryURL = "https://github.com/airbnb/lottie-ios.git";
			requirement = {
				kind = upToNextMajorVersion;
				minimumVersion = 4.5.2;
			};
		};
/* End XCRemoteSwiftPackageReference section */

/* Begin XCSwiftPackageProductDependency section */
		13A15AED2F93B3CF007A58B1 /* GoogleSignIn */ = {
			isa = XCSwiftPackageProductDependency;
			package = 13A15AEC2F93B3CF007A58B1 /* XCRemoteSwiftPackageReference "GoogleSignIn-iOS" */;
			productName = GoogleSignIn;
		};
		13A15AEF2F93B3CF007A58B1 /* GoogleSignInSwift */ = {
			isa = XCSwiftPackageProductDependency;
			package = 13A15AEC2F93B3CF007A58B1 /* XCRemoteSwiftPackageReference "GoogleSignIn-iOS" */;
			productName = GoogleSignInSwift;
		};
		13DE828D2EC307E400AF2047 /* Lottie */ = {
			isa = XCSwiftPackageProductDependency;
			package = 13DE828C2EC307E400AF2047 /* XCRemoteSwiftPackageReference "lottie-ios" */;
			productName = Lottie;
		};
/* End XCSwiftPackageProductDependency section */
	};
	rootObject = 13DC10392EB5FF6C00352509 /* Project object */;
}
